{
  "name": "test_lazy_polyfill",
  "lockfileVersion": 2,
  "requires": true,
  "packages": {
    "": {
      "dependencies": {
        "loading-attribute-polyfill": "^2.0.1"
      }
    },
    "node_modules/loading-attribute-polyfill": {
      "version": "2.0.1",
      "resolved": "https://registry.npmjs.org/loading-attribute-polyfill/-/loading-attribute-polyfill-2.0.1.tgz",
      "integrity": "sha512-cwR1ef6VAvJYjt7HBJ6SFUzb6EcSV+O3tNZPyFyGavXshKBd0pSVrelthhkwRMaAuPRF7tHmGB8/VYv+Kp6BIQ=="
    }
  },
  "dependencies": {
    "loading-attribute-polyfill": {
      "version": "2.0.1",
      "resolved": "https://registry.npmjs.org/loading-attribute-polyfill/-/loading-attribute-polyfill-2.0.1.tgz",
      "integrity": "sha512-cwR1ef6VAvJYjt7HBJ6SFUzb6EcSV+O3tNZPyFyGavXshKBd0pSVrelthhkwRMaAuPRF7tHmGB8/VYv+Kp6BIQ=="
    }
  }
}
